// !$*UTF8*$!
{
	archiveVersion = 1;
	classes = {
	};
	objectVersion = 55;
	objects = {

/* Begin PBXBuildFile section */
		C1DBD23F279F6C1300DC6822 /* SideBar_testApp.swift in Sources */ = {isa = PBXBuildFile; fileRef = C1DBD23E279F6C1300DC6822 /* SideBar_testApp.swift */; };
		C1DBD241279F6C1300DC6822 /* ContentView.swift in Sources */ = {isa = PBXBuildFile; fileRef = C1DBD240279F6C1300DC6822 /* ContentView.swift */; };
		C1DBD243279F6C5300DC6822 /* Assets.xcassets in Resources */ = {isa = PBXBuildFile; fileRef = C1DBD242279F6C5300DC6822 /* Assets.xcassets */; };
		C1DBD246279F6C5300DC6822 /* Preview Assets.xcassets in Resources */ = {isa = PBXBuildFile; fileRef = C1DBD245279F6C5300DC6822 /* Preview Assets.xcassets */; };
		C1DBD25127A07E8600DC6822 /* Home.swift in Sources */ = {isa = PBXBuildFile; fileRef = C1DBD25027A07E8600DC6822 /* Home.swift */; };
		C1DBD25327A0804A00DC6822 /* TabButton.swift in Sources */ = {isa = PBXBuildFile; fileRef = C1DBD25227A0804A00DC6822 /* TabButton.swift */; };
		C1DBD25527A0878900DC6822 /* HomeViewModel.swift in Sources */ = {isa = PBXBuildFile; fileRef = C1DBD25427A0878900DC6822 /* HomeViewModel.swift */; };
		C1DBD25727A0994000DC6822 /* BlurView.swift in Sources */ = {isa = PBXBuildFile; fileRef = C1DBD25627A0994000DC6822 /* BlurView.swift */; };
/* End PBXBuildFile section */

/* Begin PBXFileReference section */
		C1DBD23B279F6C1300DC6822 /* SideBar-test.app */ = {isa = PBXFileReference; explicitFileType = wrapper.application; includeInIndex = 0; path = "SideBar-test.app"; sourceTree = BUILT_PRODUCTS_DIR; };
		C1DBD23E279F6C1300DC6822 /* SideBar_testApp.swift */ = {isa = PBXFileReference; lastKnownFileType = sourcecode.swift; path = SideBar_testApp.swift; sourceTree = "<group>"; };
		C1DBD240279F6C1300DC6822 /* ContentView.swift */ = {isa = PBXFileReference; lastKnownFileType = sourcecode.swift; path = ContentView.swift; sourceTree = "<group>"; };
		C1DBD242279F6C5300DC6822 /* Assets.xcassets */ = {isa = PBXFileReference; lastKnownFileType = folder.assetcatalog; path = Assets.xcassets; sourceTree = "<group>"; };
		C1DBD245279F6C5300DC6822 /* Preview Assets.xcassets */ = {isa = PBXFileReference; lastKnownFileType = folder.assetcatalog; path = "Preview Assets.xcassets"; sourceTree = "<group>"; };
		C1DBD247279F6C5300DC6822 /* SideBar_test.entitlements */ = {isa = PBXFileReference; lastKnownFileType = text.plist.entitlements; path = SideBar_test.entitlements; sourceTree = "<group>"; };
		C1DBD25027A07E8600DC6822 /* Home.swift */ = {isa = PBXFileReference; lastKnownFileType = sourcecode.swift; path = Home.swift; sourceTree = "<group>"; };
		C1DBD25227A0804A00DC6822 /* TabButton.swift */ = {isa = PBXFileReference; lastKnownFileType = sourcecode.swift; path = TabButton.swift; sourceTree = "<group>"; };
		C1DBD25427A0878900DC6822 /* HomeViewModel.swift */ = {isa = PBXFileReference; lastKnownFileType = sourcecode.swift; path = HomeViewModel.swift; sourceTree = "<group>"; };
		C1DBD25627A0994000DC6822 /* BlurView.swift */ = {isa = PBXFileReference; lastKnownFileType = sourcecode.swift; path = BlurView.swift; sourceTree = "<group>"; };
/* End PBXFileReference section */

/* Begin PBXFrameworksBuildPhase section */
		C1DBD238279F6C1300DC6822 /* Frameworks */ = {
			isa = PBXFrameworksBuildPhase;
			buildActionMask = 2147483647;
			files = (
			);
			runOnlyForDeploymentPostprocessing = 0;
		};
/* End PBXFrameworksBuildPhase section */

/* Begin PBXGroup section */
		C1DBD232279F6C1200DC6822 = {
			isa = PBXGroup;
			children = (
				C1DBD23D279F6C1300DC6822 /* SideBar-test */,
				C1DBD23C279F6C1300DC6822 /* Products */,
			);
			sourceTree = "<group>";
		};
		C1DBD23C279F6C1300DC6822 /* Products */ = {
			isa = PBXGroup;
			children = (
				C1DBD23B279F6C1300DC6822 /* SideBar-test.app */,
			);
			name = Products;
			sourceTree = "<group>";
		};
		C1DBD23D279F6C1300DC6822 /* SideBar-test */ = {
			isa = PBXGroup;
			children = (
				C1DBD24D27A07E0C00DC6822 /* ViewModel */,
				C1DBD24F27A07E3A00DC6822 /* Model */,
				C1DBD24E27A07E1E00DC6822 /* View */,
				C1DBD23E279F6C1300DC6822 /* SideBar_testApp.swift */,
				C1DBD240279F6C1300DC6822 /* ContentView.swift */,
				C1DBD242279F6C5300DC6822 /* Assets.xcassets */,
				C1DBD247279F6C5300DC6822 /* SideBar_test.entitlements */,
				C1DBD244279F6C5300DC6822 /* Preview Content */,
			);
			path = "SideBar-test";
			sourceTree = "<group>";
		};
		C1DBD244279F6C5300DC6822 /* Preview Content */ = {
			isa = PBXGroup;
			children = (
				C1DBD245279F6C5300DC6822 /* Preview Assets.xcassets */,
			);
			path = "Preview Content";
			sourceTree = "<group>";
		};
		C1DBD24D27A07E0C00DC6822 /* ViewModel */ = {
			isa = PBXGroup;
			children = (
				C1DBD25427A0878900DC6822 /* HomeViewModel.swift */,
			);
			path = ViewModel;
			sourceTree = "<group>";
		};
		C1DBD24E27A07E1E00DC6822 /* View */ = {
			isa = PBXGroup;
			children = (
				C1DBD25027A07E8600DC6822 /* Home.swift */,
				C1DBD25227A0804A00DC6822 /* TabButton.swift */,
				C1DBD25627A0994000DC6822 /* BlurView.swift */,
			);
			path = View;
			sourceTree = "<group>";
		};
		C1DBD24F27A07E3A00DC6822 /* Model */ = {
			isa = PBXGroup;
			children = (
			);
			path = Model;
			sourceTree = "<group>";
		};
/* End PBXGroup section */

/* Begin PBXNativeTarget section */
		C1DBD23A279F6C1300DC6822 /* SideBar-test */ = {
			isa = PBXNativeTarget;
			buildConfigurationList = C1DBD24A279F6C5300DC6822 /* Build configuration list for PBXNativeTarget "SideBar-test" */;
			buildPhases = (
				C1DBD237279F6C1300DC6822 /* Sources */,
				C1DBD238279F6C1300DC6822 /* Frameworks */,
				C1DBD239279F6C1300DC6822 /* Resources */,
			);
			buildRules = (
			);
			dependencies = (
			);
			name = "SideBar-test";
			productName = "SideBar-test";
			productReference = C1DBD23B279F6C1300DC6822 /* SideBar-test.app */;
			productType = "com.apple.product-type.application";
		};
/* End PBXNativeTarget section */

/* Begin PBXProject section */
		C1DBD233279F6C1200DC6822 /* Project object */ = {
			isa = PBXProject;
			attributes = {
				BuildIndependentTargetsInParallel = 1;
				LastSwiftUpdateCheck = 1310;
				LastUpgradeCheck = 1310;
				TargetAttributes = {
					C1DBD23A279F6C1300DC6822 = {
						CreatedOnToolsVersion = 13.1;
					};
				};
			};
			buildConfigurationList = C1DBD236279F6C1200DC6822 /* Build configuration list for PBXProject "SideBar-test" */;
			compatibilityVersion = "Xcode 13.0";
			developmentRegion = en;
			hasScannedForEncodings = 0;
			knownRegions = (
				en,
				Base,
			);
			mainGroup = C1DBD232279F6C1200DC6822;
			productRefGroup = C1DBD23C279F6C1300DC6822 /* Products */;
			projectDirPath = "";
			projectRoot = "";
			targets = (
				C1DBD23A279F6C1300DC6822 /* SideBar-test */,
			);
		};
/* End PBXProject section */

/* Begin PBXResourcesBuildPhase section */
		C1DBD239279F6C1300DC6822 /* Resources */ = {
			isa = PBXResourcesBuildPhase;
			buildActionMask = 2147483647;
			files = (
				C1DBD246279F6C5300DC6822 /* Preview Assets.xcassets in Resources */,
				C1DBD243279F6C5300DC6822 /* Assets.xcassets in Resources */,
			);
			runOnlyForDeploymentPostprocessing = 0;
		};
/* End PBXResourcesBuildPhase section */

/* Begin PBXSourcesBuildPhase section */
		C1DBD237279F6C1300DC6822 /* Sources */ = {
			isa = PBXSourcesBuildPhase;
			buildActionMask = 2147483647;
			files = (
				C1DBD241279F6C1300DC6822 /* ContentView.swift in Sources */,
				C1DBD25327A0804A00DC6822 /* TabButton.swift in Sources */,
				C1DBD25127A07E8600DC6822 /* Home.swift in Sources */,
				C1DBD25527A0878900DC6822 /* HomeViewModel.swift in Sources */,
				C1DBD23F279F6C1300DC6822 /* SideBar_testApp.swift in Sources */,
				C1DBD25727A0994000DC6822 /* BlurView.swift in Sources */,
			);
			runOnlyForDeploymentPostprocessing = 0;
		};
/* End PBXSourcesBuildPhase section */

/* Begin XCBuildConfiguration section */
		C1DBD248279F6C5300DC6822 /* Debug */ = {
			isa = XCBuildConfiguration;
			buildSettings = {
				ALWAYS_SEARCH_USER_PATHS = NO;
				CLANG_ANALYZER_NONNULL = YES;
				CLANG_ANALYZER_NUMBER_OBJECT_CONVERSION = YES_AGGRESSIVE;
				CLANG_CXX_LANGUAGE_STANDARD = "gnu++17";
				CLANG_CXX_LIBRARY = "libc++";
				CLANG_ENABLE_MODULES = YES;
				CLANG_ENABLE_OBJC_ARC = YES;
				CLANG_ENABLE_OBJC_WEAK = YES;
				CLANG_WARN_BLOCK_CAPTURE_AUTORELEASING = YES;
				CLANG_WARN_BOOL_CONVERSION = YES;
				CLANG_WARN_COMMA = YES;
				CLANG_WARN_CONSTANT_CONVERSION = YES;
				CLANG_WARN_DEPRECATED_OBJC_IMPLEMENTATIONS = YES;
				CLANG_WARN_DIRECT_OBJC_ISA_USAGE = YES_ERROR;
				CLANG_WARN_DOCUMENTATION_COMMENTS = YES;
				CLANG_WARN_EMPTY_BODY = YES;
				CLANG_WARN_ENUM_CONVERSION = YES;
				CLANG_WARN_INFINITE_RECURSION = YES;
				CLANG_WARN_INT_CONVERSION = YES;
				CLANG_WARN_NON_LITERAL_NULL_CONVERSION = YES;
				CLANG_WARN_OBJC_IMPLICIT_RETAIN_SELF = YES;
				CLANG_WARN_OBJC_LITERAL_CONVERSION = YES;
				CLANG_WARN_OBJC_ROOT_CLASS = YES_ERROR;
				CLANG_WARN_QUOTED_INCLUDE_IN_FRAMEWORK_HEADER = YES;
				CLANG_WARN_RANGE_LOOP_ANALYSIS = YES;
				CLANG_WARN_STRICT_PROTOTYPES = YES;
				CLANG_WARN_SUSPICIOUS_MOVE = YES;
				CLANG_WARN_UNGUARDED_AVAILABILITY = YES_AGGRESSIVE;
				CLANG_WARN_UNREACHABLE_CODE = YES;
				CLANG_WARN__DUPLICATE_METHOD_MATCH = YES;
				COPY_PHASE_STRIP = NO;
				DEBUG_INFORMATION_FORMAT = dwarf;
				ENABLE_STRICT_OBJC_MSGSEND = YES;
				ENABLE_TESTABILITY = YES;
				GCC_C_LANGUAGE_STANDARD = gnu11;
				GCC_DYNAMIC_NO_PIC = NO;
				GCC_NO_COMMON_BLOCKS = YES;
				GCC_OPTIMIZATION_LEVEL = 0;
				GCC_PREPROCESSOR_DEFINITIONS = (
					"DEBUG=1",
					"$(inherited)",
				);
				GCC_WARN_64_TO_32_BIT_CONVERSION = YES;
				GCC_WARN_ABOUT_RETURN_TYPE = YES_ERROR;
				GCC_WARN_UNDECLARED_SELECTOR = YES;
				GCC_WARN_UNINITIALIZED_AUTOS = YES_AGGRESSIVE;
				GCC_WARN_UNUSED_FUNCTION = YES;
				GCC_WARN_UNUSED_VARIABLE = YES;
				MACOSX_DEPLOYMENT_TARGET = 11.5;
				MTL_ENABLE_DEBUG_INFO = INCLUDE_SOURCE;
				MTL_FAST_MATH = YES;
				ONLY_ACTIVE_ARCH = YES;
				SDKROOT = macosx;
				SWIFT_ACTIVE_COMPILATION_CONDITIONS = DEBUG;
				SWIFT_OPTIMIZATION_LEVEL = "-Onone";
			};
			name = Debug;
		};
		C1DBD249279F6C5300DC6822 /* Release */ = {
			isa = XCBuildConfiguration;
			buildSettings = {
				ALWAYS_SEARCH_USER_PATHS = NO;
				CLANG_ANALYZER_NONNULL = YES;
				CLANG_ANALYZER_NUMBER_OBJECT_CONVERSION = YES_AGGRESSIVE;
				CLANG_CXX_LANGUAGE_STANDARD = "gnu++17";
				CLANG_CXX_LIBRARY = "libc++";
				CLANG_ENABLE_MODULES = YES;
				CLANG_ENABLE_OBJC_ARC = YES;
				CLANG_ENABLE_OBJC_WEAK = YES;
				CLANG_WARN_BLOCK_CAPTURE_AUTORELEASING = YES;
				CLANG_WARN_BOOL_CONVERSION = YES;
				CLANG_WARN_COMMA = YES;
				CLANG_WARN_CONSTANT_CONVERSION = YES;
				CLANG_WARN_DEPRECATED_OBJC_IMPLEMENTATIONS = YES;
				CLANG_WARN_DIRECT_OBJC_ISA_USAGE = YES_ERROR;
				CLANG_WARN_DOCUMENTATION_COMMENTS = YES;
				CLANG_WARN_EMPTY_BODY = YES;
				CLANG_WARN_ENUM_CONVERSION = YES;
				CLANG_WARN_INFINITE_RECURSION = YES;
				CLANG_WARN_INT_CONVERSION = YES;
				CLANG_WARN_NON_LITERAL_NULL_CONVERSION = YES;
				CLANG_WARN_OBJC_IMPLICIT_RETAIN_SELF = YES;
				CLANG_WARN_OBJC_LITERAL_CONVERSION = YES;
				CLANG_WARN_OBJC_ROOT_CLASS = YES_ERROR;
				CLANG_WARN_QUOTED_INCLUDE_IN_FRAMEWORK_HEADER = YES;
				CLANG_WARN_RANGE_LOOP_ANALYSIS = YES;
				CLANG_WARN_STRICT_PROTOTYPES = YES;
				CLANG_WARN_SUSPICIOUS_MOVE = YES;
				CLANG_WARN_UNGUARDED_AVAILABILITY = YES_AGGRESSIVE;
				CLANG_WARN_UNREACHABLE_CODE = YES;
				CLANG_WARN__DUPLICATE_METHOD_MATCH = YES;
				COPY_PHASE_STRIP = NO;
				DEBUG_INFORMATION_FORMAT = "dwarf-with-dsym";
				ENABLE_NS_ASSERTIONS = NO;
				ENABLE_STRICT_OBJC_MSGSEND = YES;
				GCC_C_LANGUAGE_STANDARD = gnu11;
				GCC_NO_COMMON_BLOCKS = YES;
				GCC_WARN_64_TO_32_BIT_CONVERSION = YES;
				GCC_WARN_ABOUT_RETURN_TYPE = YES_ERROR;
				GCC_WARN_UNDECLARED_SELECTOR = YES;
				GCC_WARN_UNINITIALIZED_AUTOS = YES_AGGRESSIVE;
				GCC_WARN_UNUSED_FUNCTION = YES;
				GCC_WARN_UNUSED_VARIABLE = YES;
				MACOSX_DEPLOYMENT_TARGET = 11.5;
				MTL_ENABLE_DEBUG_INFO = NO;
				MTL_FAST_MATH = YES;
				SDKROOT = macosx;
				SWIFT_COMPILATION_MODE = wholemodule;
				SWIFT_OPTIMIZATION_LEVEL = "-O";
			};
			name = Release;
		};
		C1DBD24B279F6C5300DC6822 /* Debug */ = {
			isa = XCBuildConfiguration;
			buildSettings = {
				ASSETCATALOG_COMPILER_APPICON_NAME = AppIcon;
				ASSETCATALOG_COMPILER_GLOBAL_ACCENT_COLOR_NAME = AccentColor;
				CODE_SIGN_ENTITLEMENTS = "SideBar-test/SideBar_test.entitlements";
				CODE_SIGN_STYLE = Automatic;
				COMBINE_HIDPI_IMAGES = YES;
				CURRENT_PROJECT_VERSION = 1;
				DEVELOPMENT_ASSET_PATHS = "\"SideBar-test/Preview Content\"";
				ENABLE_PREVIEWS = YES;
				GENERATE_INFOPLIST_FILE = YES;
				INFOPLIST_KEY_NSHumanReadableCopyright = "";
				LD_RUNPATH_SEARCH_PATHS = (
					"$(inherited)",
					"@executable_path/../Frameworks",
				);
				MARKETING_VERSION = 1.0;
				PRODUCT_BUNDLE_IDENTIFIER = "com.minowana.SideBar-test";
				PRODUCT_NAME = "$(TARGET_NAME)";
				SWIFT_EMIT_LOC_STRINGS = YES;
				SWIFT_VERSION = 5.0;
			};
			name = Debug;
		};
		C1DBD24C279F6C5300DC6822 /* Release */ = {
			isa = XCBuildConfiguration;
			buildSettings = {
				ASSETCATALOG_COMPILER_APPICON_NAME = AppIcon;
				ASSETCATALOG_COMPILER_GLOBAL_ACCENT_COLOR_NAME = AccentColor;
				CODE_SIGN_ENTITLEMENTS = "SideBar-test/SideBar_test.entitlements";
				CODE_SIGN_STYLE = Automatic;
				COMBINE_HIDPI_IMAGES = YES;
				CURRENT_PROJECT_VERSION = 1;
				DEVELOPMENT_ASSET_PATHS = "\"SideBar-test/Preview Content\"";
				ENABLE_PREVIEWS = YES;
				GENERATE_INFOPLIST_FILE = YES;
				INFOPLIST_KEY_NSHumanReadableCopyright = "";
				LD_RUNPATH_SEARCH_PATHS = (
					"$(inherited)",
					"@executable_path/../Frameworks",
				);
				MARKETING_VERSION = 1.0;
				PRODUCT_BUNDLE_IDENTIFIER = "com.minowana.SideBar-test";
				PRODUCT_NAME = "$(TARGET_NAME)";
				SWIFT_EMIT_LOC_STRINGS = YES;
				SWIFT_VERSION = 5.0;
			};
			name = Release;
		};
/* End XCBuildConfiguration section */

/* Begin XCConfigurationList section */
		C1DBD236279F6C1200DC6822 /* Build configuration list for PBXProject "SideBar-test" */ = {
			isa = XCConfigurationList;
			buildConfigurations = (
				C1DBD248279F6C5300DC6822 /* Debug */,
				C1DBD249279F6C5300DC6822 /* Release */,
			);
			defaultConfigurationIsVisible = 0;
			defaultConfigurationName = Release;
		};
		C1DBD24A279F6C5300DC6822 /* Build configuration list for PBXNativeTarget "SideBar-test" */ = {
			isa = XCConfigurationList;
			buildConfigurations = (
				C1DBD24B279F6C5300DC6822 /* Debug */,
				C1DBD24C279F6C5300DC6822 /* Release */,
			);
			defaultConfigurationIsVisible = 0;
			defaultConfigurationName = Release;
		};
/* End XCConfigurationList section */
	};
	rootObject = C1DBD233279F6C1200DC6822 /* Project object */;
}
